
Microsoft Visual Studio Solution File, Format Version 12.00
# Visual Studio Version 17
VisualStudioVersion = 17.8.34330.188
MinimumVisualStudioVersion = 10.0.40219.1
Project("{FAE04EC0-301F-11D3-BF4B-00C04F79EFBC}") = "DotNetCore8Api", "DotNetCore8Api.csproj", "{DB6DCF09-D814-4939-AE64-78255B74DB1D}"
EndProject
Global
	GlobalSection(SolutionConfigurationPlatforms) = preSolution
		Debug|Any CPU = Debug|Any CPU
		Release|Any CPU = Release|Any CPU
	EndGlobalSection
	GlobalSection(ProjectConfigurationPlatforms) = postSolution
		{DB6DCF09-D814-4939-AE64-78255B74DB1D}.Debug|Any CPU.ActiveCfg = Debug|Any CPU
		{DB6DCF09-D814-4939-AE64-78255B74DB1D}.Debug|Any CPU.Build.0 = Debug|Any CPU
		{DB6DCF09-D814-4939-AE64-78255B74DB1D}.Release|Any CPU.ActiveCfg = Release|Any CPU
		{DB6DCF09-D814-4939-AE64-78255B74DB1D}.Release|Any CPU.Build.0 = Release|Any CPU
	EndGlobalSection
	GlobalSection(SolutionProperties) = preSolution
		HideSolutionNode = FALSE
	EndGlobalSection
	GlobalSection(ExtensibilityGlobals) = postSolution
		SolutionGuid = {8A3FB65A-8C83-4850-85B5-8E67EA6BC302}
	EndGlobalSection
EndGlobal
